
Microsoft Visual Studio Solution File, Format Version 12.00
# Visual Studio Version 16
VisualStudioVersion = 16.0.30907.101
MinimumVisualStudioVersion = 10.0.40219.1
Project("{9A19103F-16F7-4668-BE54-9A1E7A4F7556}") = "EFDatabasePractice", "EFDatabasePractice\EFDatabasePractice.csproj", "{25485ACE-F9BD-4040-99AA-43CDBE20DB91}"
EndProject
Global
	GlobalSection(SolutionConfigurationPlatforms) = preSolution
		Debug|Any CPU = Debug|Any CPU
		Release|Any CPU = Release|Any CPU
	EndGlobalSection
	GlobalSection(ProjectConfigurationPlatforms) = postSolution
		{25485ACE-F9BD-4040-99AA-43CDBE20DB91}.Debug|Any CPU.ActiveCfg = Debug|Any CPU
		{25485ACE-F9BD-4040-99AA-43CDBE20DB91}.Debug|Any CPU.Build.0 = Debug|Any CPU
		{25485ACE-F9BD-4040-99AA-43CDBE20DB91}.Release|Any CPU.ActiveCfg = Release|Any CPU
		{25485ACE-F9BD-4040-99AA-43CDBE20DB91}.Release|Any CPU.Build.0 = Release|Any CPU
	EndGlobalSection
	GlobalSection(SolutionProperties) = preSolution
		HideSolutionNode = FALSE
	EndGlobalSection
	GlobalSection(ExtensibilityGlobals) = postSolution
		SolutionGuid = {258A228B-D69F-4C77-9E70-F50F3570EB9E}
	EndGlobalSection
EndGlobal
